
Microsoft Visual Studio Solution File, Format Version 12.00
# Visual Studio 15
VisualStudioVersion = 15.0.26430.6
MinimumVisualStudioVersion = 10.0.40219.1
Project("{FAE04EC0-301F-11D3-BF4B-00C04F79EFBC}") = "SemGuard", "SemGuard\SemGuard.csproj", "{A1B07649-D615-4CBB-8CF6-12819ACC8044}"
EndProject
Project("{FAE04EC0-301F-11D3-BF4B-00C04F79EFBC}") = "SemGuard.Lib", "SemGuard.Lib\SemGuard.Lib.csproj", "{764F563B-722A-48A3-9607-DD774EBD3549}"
EndProject
Project("{FAE04EC0-301F-11D3-BF4B-00C04F79EFBC}") = "SemGuard.Tests", "SemGuard.Tests\SemGuard.Tests.csproj", "{E1A0985C-AF75-4FE8-959D-67893E416D73}"
EndProject
Global
	GlobalSection(SolutionConfigurationPlatforms) = preSolution
		Debug|Any CPU = Debug|Any CPU
		Release|Any CPU = Release|Any CPU
	EndGlobalSection
	GlobalSection(ProjectConfigurationPlatforms) = postSolution
		{A1B07649-D615-4CBB-8CF6-12819ACC8044}.Debug|Any CPU.ActiveCfg = Debug|Any CPU
		{A1B07649-D615-4CBB-8CF6-12819ACC8044}.Debug|Any CPU.Build.0 = Debug|Any CPU
		{A1B07649-D615-4CBB-8CF6-12819ACC8044}.Release|Any CPU.ActiveCfg = Release|Any CPU
		{A1B07649-D615-4CBB-8CF6-12819ACC8044}.Release|Any CPU.Build.0 = Release|Any CPU
		{764F563B-722A-48A3-9607-DD774EBD3549}.Debug|Any CPU.ActiveCfg = Debug|Any CPU
		{764F563B-722A-48A3-9607-DD774EBD3549}.Debug|Any CPU.Build.0 = Debug|Any CPU
		{764F563B-722A-48A3-9607-DD774EBD3549}.Release|Any CPU.ActiveCfg = Release|Any CPU
		{764F563B-722A-48A3-9607-DD774EBD3549}.Release|Any CPU.Build.0 = Release|Any CPU
		{E1A0985C-AF75-4FE8-959D-67893E416D73}.Debug|Any CPU.ActiveCfg = Debug|Any CPU
		{E1A0985C-AF75-4FE8-959D-67893E416D73}.Debug|Any CPU.Build.0 = Debug|Any CPU
		{E1A0985C-AF75-4FE8-959D-67893E416D73}.Release|Any CPU.ActiveCfg = Release|Any CPU
		{E1A0985C-AF75-4FE8-959D-67893E416D73}.Release|Any CPU.Build.0 = Release|Any CPU
	EndGlobalSection
	GlobalSection(SolutionProperties) = preSolution
		HideSolutionNode = FALSE
	EndGlobalSection
EndGlobal
