
Microsoft Visual Studio Solution File, Format Version 12.00
# Visual Studio 15
VisualStudioVersion = 15.0.26403.7
MinimumVisualStudioVersion = 10.0.40219.1
Project("{FAE04EC0-301F-11D3-BF4B-00C04F79EFBC}") = "Dummy", "Dummy.csproj", "{29B7E51B-F246-4870-BE0F-CB22AE1E5904}"
EndProject
Global
	GlobalSection(SolutionConfigurationPlatforms) = preSolution
		Debug|Any CPU = Debug|Any CPU
		Release|Any CPU = Release|Any CPU
	EndGlobalSection
	GlobalSection(ProjectConfigurationPlatforms) = postSolution
		{29B7E51B-F246-4870-BE0F-CB22AE1E5904}.Debug|Any CPU.ActiveCfg = Debug|Any CPU
		{29B7E51B-F246-4870-BE0F-CB22AE1E5904}.Debug|Any CPU.Build.0 = Debug|Any CPU
		{29B7E51B-F246-4870-BE0F-CB22AE1E5904}.Release|Any CPU.ActiveCfg = Release|Any CPU
		{29B7E51B-F246-4870-BE0F-CB22AE1E5904}.Release|Any CPU.Build.0 = Release|Any CPU
		{A2259BAD-FE18-4908-AB60-6257E299D5EC}.Debug|Any CPU.ActiveCfg = Debug|Any CPU
		{A2259BAD-FE18-4908-AB60-6257E299D5EC}.Debug|Any CPU.Build.0 = Debug|Any CPU
		{A2259BAD-FE18-4908-AB60-6257E299D5EC}.Release|Any CPU.ActiveCfg = Release|Any CPU
		{A2259BAD-FE18-4908-AB60-6257E299D5EC}.Release|Any CPU.Build.0 = Release|Any CPU
		{D8A23A74-2D70-4848-A0B2-F5121B9EC7DF}.Debug|Any CPU.ActiveCfg = Debug|Any CPU
		{D8A23A74-2D70-4848-A0B2-F5121B9EC7DF}.Debug|Any CPU.Build.0 = Debug|Any CPU
		{D8A23A74-2D70-4848-A0B2-F5121B9EC7DF}.Release|Any CPU.ActiveCfg = Release|Any CPU
		{D8A23A74-2D70-4848-A0B2-F5121B9EC7DF}.Release|Any CPU.Build.0 = Release|Any CPU
		{EF4070CF-4C2C-4973-947D-A6B3791F8602}.Debug|Any CPU.ActiveCfg = Debug|Any CPU
		{EF4070CF-4C2C-4973-947D-A6B3791F8602}.Debug|Any CPU.Build.0 = Debug|Any CPU
		{EF4070CF-4C2C-4973-947D-A6B3791F8602}.Release|Any CPU.ActiveCfg = Release|Any CPU
		{EF4070CF-4C2C-4973-947D-A6B3791F8602}.Release|Any CPU.Build.0 = Release|Any CPU
	EndGlobalSection
	GlobalSection(SolutionProperties) = preSolution
		HideSolutionNode = FALSE
	EndGlobalSection
EndGlobal
